// !$*UTF8*$!
{
	archiveVersion = 1;
	classes = {
	};
	objectVersion = 77;
	objects = {

/* Begin PBXContainerItemProxy section */
		999AF2E32EACD9FB0062A85A /* PBXContainerItemProxy */ = {
			isa = PBXContainerItemProxy;
			containerPortal = 999AF2CD2EACD9F80062A85A /* Project object */;
			proxyType = 1;
			remoteGlobalIDString = 999AF2D42EACD9F80062A85A;
			remoteInfo = FootballMatches;
		};
		999AF2ED2EACD9FB0062A85A /* PBXContainerItemProxy */ = {
			isa = PBXContainerItemProxy;
			containerPortal = 999AF2CD2EACD9F80062A85A /* Project object */;
			proxyType = 1;
			remoteGlobalIDString = 999AF2D42EACD9F80062A85A;
			remoteInfo = FootballMatches;
		};
/* End PBXContainerItemProxy section */

/* Begin PBXFileReference section */
		999AF2D52EACD9F80062A85A /* FootballMatches.app */ = {isa = PBXFileReference; explicitFileType = wrapper.application; includeInIndex = 0; path = FootballMatches.app; sourceTree = BUILT_PRODUCTS_DIR; };
		999AF2E22EACD9FB0062A85A /* FootballMatchesTests.xctest */ = {isa = PBXFileReference; explicitFileType = wrapper.cfbundle; includeInIndex = 0; path = FootballMatchesTests.xctest; sourceTree = BUILT_PRODUCTS_DIR; };
		999AF2EC2EACD9FB0062A85A /* FootballMatchesUITests.xctest */ = {isa = PBXFileReference; explicitFileType = wrapper.cfbundle; includeInIndex = 0; path = FootballMatchesUITests.xctest; sourceTree = BUILT_PRODUCTS_DIR; };
/* End PBXFileReference section */

/* Begin PBXFileSystemSynchronizedRootGroup section */
		999AF2D72EACD9F80062A85A /* FootballMatches */ = {
			isa = PBXFileSystemSynchronizedRootGroup;
			path = FootballMatches;
			sourceTree = "<group>";
		};
		999AF2E52EACD9FB0062A85A /* FootballMatchesTests */ = {
			isa = PBXFileSystemSynchronizedRootGroup;
			path = FootballMatchesTests;
			sourceTree = "<group>";
		};
		999AF2EF2EACD9FB0062A85A /* FootballMatchesUITests */ = {
			isa = PBXFileSystemSynchronizedRootGroup;
			path = FootballMatchesUITests;
			sourceTree = "<group>";
		};
/* End PBXFileSystemSynchronizedRootGroup section */

/* Begin PBXFrameworksBuildPhase section */
		999AF2D22EACD9F80062A85A /* Frameworks */ = {
			isa = PBXFrameworksBuildPhase;
			buildActionMask = 2147483647;
			files = (
			);
			runOnlyForDeploymentPostprocessing = 0;
		};
		999AF2DF2EACD9FB0062A85A /* Frameworks */ = {
			isa = PBXFrameworksBuildPhase;
			buildActionMask = 2147483647;
			files = (
			);
			runOnlyForDeploymentPostprocessing = 0;
		};
		999AF2E92EACD9FB0062A85A /* Frameworks */ = {
			isa = PBXFrameworksBuildPhase;
			buildActionMask = 2147483647;
			files = (
			);
			runOnlyForDeploymentPostprocessing = 0;
		};
/* End PBXFrameworksBuildPhase section */

/* Begin PBXGroup section */
		999AF2CC2EACD9F80062A85A = {
			isa = PBXGroup;
			children = (
				999AF2D72EACD9F80062A85A /* FootballMatches */,
				999AF2E52EACD9FB0062A85A /* FootballMatchesTests */,
				999AF2EF2EACD9FB0062A85A /* FootballMatchesUITests */,
				999AF2D62EACD9F80062A85A /* Products */,
			);
			sourceTree = "<group>";
		};
		999AF2D62EACD9F80062A85A /* Products */ = {
			isa = PBXGroup;
			children = (
				999AF2D52EACD9F80062A85A /* FootballMatches.app */,
				999AF2E22EACD9FB0062A85A /* FootballMatchesTests.xctest */,
				999AF2EC2EACD9FB0062A85A /* FootballMatchesUITests.xctest */,
			);
			name = Products;
			sourceTree = "<group>";
		};
/* End PBXGroup section */

/* Begin PBXNativeTarget section */
		999AF2D42EACD9F80062A85A /* FootballMatches */ = {
			isa = PBXNativeTarget;
			buildConfigurationList = 999AF2F62EACD9FB0062A85A /* Build configuration list for PBXNativeTarget "FootballMatches" */;
			buildPhases = (
				999AF2D12EACD9F80062A85A /* Sources */,
				999AF2D22EACD9F80062A85A /* Frameworks */,
				999AF2D32EACD9F80062A85A /* Resources */,
			);
			buildRules = (
			);
			dependencies = (
			);
			fileSystemSynchronizedGroups = (
				999AF2D72EACD9F80062A85A /* FootballMatches */,
			);
			name = FootballMatches;
			packageProductDependencies = (
			);
			productName = FootballMatches;
			productReference = 999AF2D52EACD9F80062A85A /* FootballMatches.app */;
			productType = "com.apple.product-type.application";
		};
		999AF2E12EACD9FB0062A85A /* FootballMatchesTests */ = {
			isa = PBXNativeTarget;
			buildConfigurationList = 999AF2F92EACD9FB0062A85A /* Build configuration list for PBXNativeTarget "FootballMatchesTests" */;
			buildPhases = (
				999AF2DE2EACD9FB0062A85A /* Sources */,
				999AF2DF2EACD9FB0062A85A /* Frameworks */,
				999AF2E02EACD9FB0062A85A /* Resources */,
			);
			buildRules = (
			);
			dependencies = (
				999AF2E42EACD9FB0062A85A /* PBXTargetDependency */,
			);
			fileSystemSynchronizedGroups = (
				999AF2E52EACD9FB0062A85A /* FootballMatchesTests */,
			);
			name = FootballMatchesTests;
			packageProductDependencies = (
			);
			productName = FootballMatchesTests;
			productReference = 999AF2E22EACD9FB0062A85A /* FootballMatchesTests.xctest */;
			productType = "com.apple.product-type.bundle.unit-test";
		};
		999AF2EB2EACD9FB0062A85A /* FootballMatchesUITests */ = {
			isa = PBXNativeTarget;
			buildConfigurationList = 999AF2FC2EACD9FB0062A85A /* Build configuration list for PBXNativeTarget "FootballMatchesUITests" */;
			buildPhases = (
				999AF2E82EACD9FB0062A85A /* Sources */,
				999AF2E92EACD9FB0062A85A /* Frameworks */,
				999AF2EA2EACD9FB0062A85A /* Resources */,
			);
			buildRules = (
			);
			dependencies = (
				999AF2EE2EACD9FB0062A85A /* PBXTargetDependency */,
			);
			fileSystemSynchronizedGroups = (
				999AF2EF2EACD9FB0062A85A /* FootballMatchesUITests */,
			);
			name = FootballMatchesUITests;
			packageProductDependencies = (
			);
			productName = FootballMatchesUITests;
			productReference = 999AF2EC2EACD9FB0062A85A /* FootballMatchesUITests.xctest */;
			productType = "com.apple.product-type.bundle.ui-testing";
		};
/* End PBXNativeTarget section */

/* Begin PBXProject section */
		999AF2CD2EACD9F80062A85A /* Project object */ = {
			isa = PBXProject;
			attributes = {
				BuildIndependentTargetsInParallel = 1;
				LastSwiftUpdateCheck = 2610;
				LastUpgradeCheck = 2610;
				TargetAttributes = {
					999AF2D42EACD9F80062A85A = {
						CreatedOnToolsVersion = 26.1;
					};
					999AF2E12EACD9FB0062A85A = {
						CreatedOnToolsVersion = 26.1;
						TestTargetID = 999AF2D42EACD9F80062A85A;
					};
					999AF2EB2EACD9FB0062A85A = {
						CreatedOnToolsVersion = 26.1;
						TestTargetID = 999AF2D42EACD9F80062A85A;
					};
				};
			};
			buildConfigurationList = 999AF2D02EACD9F80062A85A /* Build configuration list for PBXProject "FootballMatches" */;
			developmentRegion = en;
			hasScannedForEncodings = 0;
			knownRegions = (
				en,
				Base,
			);
			mainGroup = 999AF2CC2EACD9F80062A85A;
			minimizedProjectReferenceProxies = 1;
			preferredProjectObjectVersion = 77;
			productRefGroup = 999AF2D62EACD9F80062A85A /* Products */;
			projectDirPath = "";
			projectRoot = "";
			targets = (
				999AF2D42EACD9F80062A85A /* FootballMatches */,
				999AF2E12EACD9FB0062A85A /* FootballMatchesTests */,
				999AF2EB2EACD9FB0062A85A /* FootballMatchesUITests */,
			);
		};
/* End PBXProject section */

/* Begin PBXResourcesBuildPhase section */
		999AF2D32EACD9F80062A85A /* Resources */ = {
			isa = PBXResourcesBuildPhase;
			buildActionMask = 2147483647;
			files = (
			);
			runOnlyForDeploymentPostprocessing = 0;
		};
		999AF2E02EACD9FB0062A85A /* Resources */ = {
			isa = PBXResourcesBuildPhase;
			buildActionMask = 2147483647;
			files = (
			);
			runOnlyForDeploymentPostprocessing = 0;
		};
		999AF2EA2EACD9FB0062A85A /* Resources */ = {
			isa = PBXResourcesBuildPhase;
			buildActionMask = 2147483647;
			files = (
			);
			runOnlyForDeploymentPostprocessing = 0;
		};
/* End PBXResourcesBuildPhase section */

/* Begin PBXSourcesBuildPhase section */
		999AF2D12EACD9F80062A85A /* Sources */ = {
			isa = PBXSourcesBuildPhase;
			buildActionMask = 2147483647;
			files = (
			);
			runOnlyForDeploymentPostprocessing = 0;
		};
		999AF2DE2EACD9FB0062A85A /* Sources */ = {
			isa = PBXSourcesBuildPhase;
			buildActionMask = 2147483647;
			files = (
			);
			runOnlyForDeploymentPostprocessing = 0;
		};
		999AF2E82EACD9FB0062A85A /* Sources */ = {
			isa = PBXSourcesBuildPhase;
			buildActionMask = 2147483647;
			files = (
			);
			runOnlyForDeploymentPostprocessing = 0;
		};
/* End PBXSourcesBuildPhase section */

/* Begin PBXTargetDependency section */
		999AF2E42EACD9FB0062A85A /* PBXTargetDependency */ = {
			isa = PBXTargetDependency;
			target = 999AF2D42EACD9F80062A85A /* FootballMatches */;
			targetProxy = 999AF2E32EACD9FB0062A85A /* PBXContainerItemProxy */;
		};
		999AF2EE2EACD9FB0062A85A /* PBXTargetDependency */ = {
			isa = PBXTargetDependency;
			target = 999AF2D42EACD9F80062A85A /* FootballMatches */;
			targetProxy = 999AF2ED2EACD9FB0062A85A /* PBXContainerItemProxy */;
		};
/* End PBXTargetDependency section */

/* Begin XCBuildConfiguration section */
		999AF2F42EACD9FB0062A85A /* Debug */ = {
			isa = XCBuildConfiguration;
			buildSettings = {
				ALWAYS_SEARCH_USER_PATHS = NO;
				ASSETCATALOG_COMPILER_GENERATE_SWIFT_ASSET_SYMBOL_EXTENSIONS = YES;
				CLANG_ANALYZER_NONNULL = YES;
				CLANG_ANALYZER_NUMBER_OBJECT_CONVERSION = YES_AGGRESSIVE;
				CLANG_CXX_LANGUAGE_STANDARD = "gnu++20";
				CLANG_ENABLE_MODULES = YES;
				CLANG_ENABLE_OBJC_ARC = YES;
				CLANG_ENABLE_OBJC_WEAK = YES;
				CLANG_WARN_BLOCK_CAPTURE_AUTORELEASING = YES;
				CLANG_WARN_BOOL_CONVERSION = YES;
				CLANG_WARN_COMMA = YES;
				CLANG_WARN_CONSTANT_CONVERSION = YES;
				CLANG_WARN_DEPRECATED_OBJC_IMPLEMENTATIONS = YES;
				CLANG_WARN_DIRECT_OBJC_ISA_USAGE = YES_ERROR;
				CLANG_WARN_DOCUMENTATION_COMMENTS = YES;
				CLANG_WARN_EMPTY_BODY = YES;
				CLANG_WARN_ENUM_CONVERSION = YES;
				CLANG_WARN_INFINITE_RECURSION = YES;
				CLANG_WARN_INT_CONVERSION = YES;
				CLANG_WARN_NON_LITERAL_NULL_CONVERSION = YES;
				CLANG_WARN_OBJC_IMPLICIT_RETAIN_SELF = YES;
				CLANG_WARN_OBJC_LITERAL_CONVERSION = YES;
				CLANG_WARN_OBJC_ROOT_CLASS = YES_ERROR;
				CLANG_WARN_QUOTED_INCLUDE_IN_FRAMEWORK_HEADER = YES;
				CLANG_WARN_RANGE_LOOP_ANALYSIS = YES;
				CLANG_WARN_STRICT_PROTOTYPES = YES;
				CLANG_WARN_SUSPICIOUS_MOVE = YES;
				CLANG_WARN_UNGUARDED_AVAILABILITY = YES_AGGRESSIVE;
				CLANG_WARN_UNREACHABLE_CODE = YES;
				CLANG_WARN__DUPLICATE_METHOD_MATCH = YES;
				COPY_PHASE_STRIP = NO;
				DEBUG_INFORMATION_FORMAT = dwarf;
				ENABLE_STRICT_OBJC_MSGSEND = YES;
				ENABLE_TESTABILITY = YES;
				ENABLE_USER_SCRIPT_SANDBOXING = YES;
				GCC_C_LANGUAGE_STANDARD = gnu17;
				GCC_DYNAMIC_NO_PIC = NO;
				GCC_NO_COMMON_BLOCKS = YES;
				GCC_OPTIMIZATION_LEVEL = 0;
				GCC_PREPROCESSOR_DEFINITIONS = (
					"DEBUG=1",
					"$(inherited)",
				);
				GCC_WARN_64_TO_32_BIT_CONVERSION = YES;
				GCC_WARN_ABOUT_RETURN_TYPE = YES_ERROR;
				GCC_WARN_UNDECLARED_SELECTOR = YES;
				GCC_WARN_UNINITIALIZED_AUTOS = YES_AGGRESSIVE;
				GCC_WARN_UNUSED_FUNCTION = YES;
				GCC_WARN_UNUSED_VARIABLE = YES;
				IPHONEOS_DEPLOYMENT_TARGET = 26.1;
				LOCALIZATION_PREFERS_STRING_CATALOGS = YES;
				MTL_ENABLE_DEBUG_INFO = INCLUDE_SOURCE;
				MTL_FAST_MATH = YES;
				ONLY_ACTIVE_ARCH = YES;
				SDKROOT = iphoneos;
				SWIFT_ACTIVE_COMPILATION_CONDITIONS = "DEBUG $(inherited)";
				SWIFT_OPTIMIZATION_LEVEL = "-Onone";
			};
			name = Debug;
		};
		999AF2F52EACD9FB0062A85A /* Release */ = {
			isa = XCBuildConfiguration;
			buildSettings = {
				ALWAYS_SEARCH_USER_PATHS = NO;
				ASSETCATALOG_COMPILER_GENERATE_SWIFT_ASSET_SYMBOL_EXTENSIONS = YES;
				CLANG_ANALYZER_NONNULL = YES;
				CLANG_ANALYZER_NUMBER_OBJECT_CONVERSION = YES_AGGRESSIVE;
				CLANG_CXX_LANGUAGE_STANDARD = "gnu++20";
				CLANG_ENABLE_MODULES = YES;
				CLANG_ENABLE_OBJC_ARC = YES;
				CLANG_ENABLE_OBJC_WEAK = YES;
				CLANG_WARN_BLOCK_CAPTURE_AUTORELEASING = YES;
				CLANG_WARN_BOOL_CONVERSION = YES;
				CLANG_WARN_COMMA = YES;
				CLANG_WARN_CONSTANT_CONVERSION = YES;
				CLANG_WARN_DEPRECATED_OBJC_IMPLEMENTATIONS = YES;
				CLANG_WARN_DIRECT_OBJC_ISA_USAGE = YES_ERROR;
				CLANG_WARN_DOCUMENTATION_COMMENTS = YES;
				CLANG_WARN_EMPTY_BODY = YES;
				CLANG_WARN_ENUM_CONVERSION = YES;
				CLANG_WARN_INFINITE_RECURSION = YES;
				CLANG_WARN_INT_CONVERSION = YES;
				CLANG_WARN_NON_LITERAL_NULL_CONVERSION = YES;
				CLANG_WARN_OBJC_IMPLICIT_RETAIN_SELF = YES;
				CLANG_WARN_OBJC_LITERAL_CONVERSION = YES;
				CLANG_WARN_OBJC_ROOT_CLASS = YES_ERROR;
				CLANG_WARN_QUOTED_INCLUDE_IN_FRAMEWORK_HEADER = YES;
				CLANG_WARN_RANGE_LOOP_ANALYSIS = YES;
				CLANG_WARN_STRICT_PROTOTYPES = YES;
				CLANG_WARN_SUSPICIOUS_MOVE = YES;
				CLANG_WARN_UNGUARDED_AVAILABILITY = YES_AGGRESSIVE;
				CLANG_WARN_UNREACHABLE_CODE = YES;
				CLANG_WARN__DUPLICATE_METHOD_MATCH = YES;
				COPY_PHASE_STRIP = NO;
				DEBUG_INFORMATION_FORMAT = "dwarf-with-dsym";
				ENABLE_NS_ASSERTIONS = NO;
				ENABLE_STRICT_OBJC_MSGSEND = YES;
				ENABLE_USER_SCRIPT_SANDBOXING = YES;
				GCC_C_LANGUAGE_STANDARD = gnu17;
				GCC_NO_COMMON_BLOCKS = YES;
				GCC_WARN_64_TO_32_BIT_CONVERSION = YES;
				GCC_WARN_ABOUT_RETURN_TYPE = YES_ERROR;
				GCC_WARN_UNDECLARED_SELECTOR = YES;
				GCC_WARN_UNINITIALIZED_AUTOS = YES_AGGRESSIVE;
				GCC_WARN_UNUSED_FUNCTION = YES;
				GCC_WARN_UNUSED_VARIABLE = YES;
				IPHONEOS_DEPLOYMENT_TARGET = 26.1;
				LOCALIZATION_PREFERS_STRING_CATALOGS = YES;
				MTL_ENABLE_DEBUG_INFO = NO;
				MTL_FAST_MATH = YES;
				SDKROOT = iphoneos;
				SWIFT_COMPILATION_MODE = wholemodule;
				VALIDATE_PRODUCT = YES;
			};
			name = Release;
		};
		999AF2F72EACD9FB0062A85A /* Debug */ = {
			isa = XCBuildConfiguration;
			buildSettings = {
				ASSETCATALOG_COMPILER_APPICON_NAME = AppIcon;
				ASSETCATALOG_COMPILER_GLOBAL_ACCENT_COLOR_NAME = AccentColor;
				CODE_SIGN_STYLE = Automatic;
				CURRENT_PROJECT_VERSION = 1;
				ENABLE_PREVIEWS = YES;
				GENERATE_INFOPLIST_FILE = YES;
				INFOPLIST_KEY_UIApplicationSceneManifest_Generation = YES;
				INFOPLIST_KEY_UIApplicationSupportsIndirectInputEvents = YES;
				INFOPLIST_KEY_UILaunchScreen_Generation = YES;
				INFOPLIST_KEY_UISupportedInterfaceOrientations_iPad = "UIInterfaceOrientationPortrait UIInterfaceOrientationPortraitUpsideDown UIInterfaceOrientationLandscapeLeft UIInterfaceOrientationLandscapeRight";
				INFOPLIST_KEY_UISupportedInterfaceOrientations_iPhone = "UIInterfaceOrientationPortrait UIInterfaceOrientationLandscapeLeft UIInterfaceOrientationLandscapeRight";
				LD_RUNPATH_SEARCH_PATHS = (
					"$(inherited)",
					"@executable_path/Frameworks",
				);
				MARKETING_VERSION = 1.0;
				PRODUCT_BUNDLE_IDENTIFIER = com.hcw.app.FootballMatches;
				PRODUCT_NAME = "$(TARGET_NAME)";
				STRING_CATALOG_GENERATE_SYMBOLS = YES;
				SWIFT_APPROACHABLE_CONCURRENCY = YES;
				SWIFT_DEFAULT_ACTOR_ISOLATION = MainActor;
				SWIFT_EMIT_LOC_STRINGS = YES;
				SWIFT_UPCOMING_FEATURE_MEMBER_IMPORT_VISIBILITY = YES;
				SWIFT_VERSION = 5.0;
				TARGETED_DEVICE_FAMILY = "1,2";
			};
			name = Debug;
		};
		999AF2F82EACD9FB0062A85A /* Release */ = {
			isa = XCBuildConfiguration;
			buildSettings = {
				ASSETCATALOG_COMPILER_APPICON_NAME = AppIcon;
				ASSETCATALOG_COMPILER_GLOBAL_ACCENT_COLOR_NAME = AccentColor;
				CODE_SIGN_STYLE = Automatic;
				CURRENT_PROJECT_VERSION = 1;
				ENABLE_PREVIEWS = YES;
				GENERATE_INFOPLIST_FILE = YES;
				INFOPLIST_KEY_UIApplicationSceneManifest_Generation = YES;
				INFOPLIST_KEY_UIApplicationSupportsIndirectInputEvents = YES;
				INFOPLIST_KEY_UILaunchScreen_Generation = YES;
				INFOPLIST_KEY_UISupportedInterfaceOrientations_iPad = "UIInterfaceOrientationPortrait UIInterfaceOrientationPortraitUpsideDown UIInterfaceOrientationLandscapeLeft UIInterfaceOrientationLandscapeRight";
				INFOPLIST_KEY_UISupportedInterfaceOrientations_iPhone = "UIInterfaceOrientationPortrait UIInterfaceOrientationLandscapeLeft UIInterfaceOrientationLandscapeRight";
				LD_RUNPATH_SEARCH_PATHS = (
					"$(inherited)",
					"@executable_path/Frameworks",
				);
				MARKETING_VERSION = 1.0;
				PRODUCT_BUNDLE_IDENTIFIER = com.hcw.app.FootballMatches;
				PRODUCT_NAME = "$(TARGET_NAME)";
				STRING_CATALOG_GENERATE_SYMBOLS = YES;
				SWIFT_APPROACHABLE_CONCURRENCY = YES;
				SWIFT_DEFAULT_ACTOR_ISOLATION = MainActor;
				SWIFT_EMIT_LOC_STRINGS = YES;
				SWIFT_UPCOMING_FEATURE_MEMBER_IMPORT_VISIBILITY = YES;
				SWIFT_VERSION = 5.0;
				TARGETED_DEVICE_FAMILY = "1,2";
			};
			name = Release;
		};
		999AF2FA2EACD9FB0062A85A /* Debug */ = {
			isa = XCBuildConfiguration;
			buildSettings = {
				BUNDLE_LOADER = "$(TEST_HOST)";
				CODE_SIGN_STYLE = Automatic;
				CURRENT_PROJECT_VERSION = 1;
				GENERATE_INFOPLIST_FILE = YES;
				IPHONEOS_DEPLOYMENT_TARGET = 26.1;
				MARKETING_VERSION = 1.0;
				PRODUCT_BUNDLE_IDENTIFIER = com.hcw.app.FootballMatchesTests;
				PRODUCT_NAME = "$(TARGET_NAME)";
				STRING_CATALOG_GENERATE_SYMBOLS = NO;
				SWIFT_APPROACHABLE_CONCURRENCY = YES;
				SWIFT_EMIT_LOC_STRINGS = NO;
				SWIFT_UPCOMING_FEATURE_MEMBER_IMPORT_VISIBILITY = YES;
				SWIFT_VERSION = 5.0;
				TARGETED_DEVICE_FAMILY = "1,2";
				TEST_HOST = "$(BUILT_PRODUCTS_DIR)/FootballMatches.app/$(BUNDLE_EXECUTABLE_FOLDER_PATH)/FootballMatches";
			};
			name = Debug;
		};
		999AF2FB2EACD9FB0062A85A /* Release */ = {
			isa = XCBuildConfiguration;
			buildSettings = {
				BUNDLE_LOADER = "$(TEST_HOST)";
				CODE_SIGN_STYLE = Automatic;
				CURRENT_PROJECT_VERSION = 1;
				GENERATE_INFOPLIST_FILE = YES;
				IPHONEOS_DEPLOYMENT_TARGET = 26.1;
				MARKETING_VERSION = 1.0;
				PRODUCT_BUNDLE_IDENTIFIER = com.hcw.app.FootballMatchesTests;
				PRODUCT_NAME = "$(TARGET_NAME)";
				STRING_CATALOG_GENERATE_SYMBOLS = NO;
				SWIFT_APPROACHABLE_CONCURRENCY = YES;
				SWIFT_EMIT_LOC_STRINGS = NO;
				SWIFT_UPCOMING_FEATURE_MEMBER_IMPORT_VISIBILITY = YES;
				SWIFT_VERSION = 5.0;
				TARGETED_DEVICE_FAMILY = "1,2";
				TEST_HOST = "$(BUILT_PRODUCTS_DIR)/FootballMatches.app/$(BUNDLE_EXECUTABLE_FOLDER_PATH)/FootballMatches";
			};
			name = Release;
		};
		999AF2FD2EACD9FB0062A85A /* Debug */ = {
			isa = XCBuildConfiguration;
			buildSettings = {
				CODE_SIGN_STYLE = Automatic;
				CURRENT_PROJECT_VERSION = 1;
				GENERATE_INFOPLIST_FILE = YES;
				MARKETING_VERSION = 1.0;
				PRODUCT_BUNDLE_IDENTIFIER = com.hcw.app.FootballMatchesUITests;
				PRODUCT_NAME = "$(TARGET_NAME)";
				STRING_CATALOG_GENERATE_SYMBOLS = NO;
				SWIFT_APPROACHABLE_CONCURRENCY = YES;
				SWIFT_EMIT_LOC_STRINGS = NO;
				SWIFT_UPCOMING_FEATURE_MEMBER_IMPORT_VISIBILITY = YES;
				SWIFT_VERSION = 5.0;
				TARGETED_DEVICE_FAMILY = "1,2";
				TEST_TARGET_NAME = FootballMatches;
			};
			name = Debug;
		};
		999AF2FE2EACD9FB0062A85A /* Release */ = {
			isa = XCBuildConfiguration;
			buildSettings = {
				CODE_SIGN_STYLE = Automatic;
				CURRENT_PROJECT_VERSION = 1;
				GENERATE_INFOPLIST_FILE = YES;
				MARKETING_VERSION = 1.0;
				PRODUCT_BUNDLE_IDENTIFIER = com.hcw.app.FootballMatchesUITests;
				PRODUCT_NAME = "$(TARGET_NAME)";
				STRING_CATALOG_GENERATE_SYMBOLS = NO;
				SWIFT_APPROACHABLE_CONCURRENCY = YES;
				SWIFT_EMIT_LOC_STRINGS = NO;
				SWIFT_UPCOMING_FEATURE_MEMBER_IMPORT_VISIBILITY = YES;
				SWIFT_VERSION = 5.0;
				TARGETED_DEVICE_FAMILY = "1,2";
				TEST_TARGET_NAME = FootballMatches;
			};
			name = Release;
		};
/* End XCBuildConfiguration section */

/* Begin XCConfigurationList section */
		999AF2D02EACD9F80062A85A /* Build configuration list for PBXProject "FootballMatches" */ = {
			isa = XCConfigurationList;
			buildConfigurations = (
				999AF2F42EACD9FB0062A85A /* Debug */,
				999AF2F52EACD9FB0062A85A /* Release */,
			);
			defaultConfigurationIsVisible = 0;
			defaultConfigurationName = Release;
		};
		999AF2F62EACD9FB0062A85A /* Build configuration list for PBXNativeTarget "FootballMatches" */ = {
			isa = XCConfigurationList;
			buildConfigurations = (
				999AF2F72EACD9FB0062A85A /* Debug */,
				999AF2F82EACD9FB0062A85A /* Release */,
			);
			defaultConfigurationIsVisible = 0;
			defaultConfigurationName = Release;
		};
		999AF2F92EACD9FB0062A85A /* Build configuration list for PBXNativeTarget "FootballMatchesTests" */ = {
			isa = XCConfigurationList;
			buildConfigurations = (
				999AF2FA2EACD9FB0062A85A /* Debug */,
				999AF2FB2EACD9FB0062A85A /* Release */,
			);
			defaultConfigurationIsVisible = 0;
			defaultConfigurationName = Release;
		};
		999AF2FC2EACD9FB0062A85A /* Build configuration list for PBXNativeTarget "FootballMatchesUITests" */ = {
			isa = XCConfigurationList;
			buildConfigurations = (
				999AF2FD2EACD9FB0062A85A /* Debug */,
				999AF2FE2EACD9FB0062A85A /* Release */,
			);
			defaultConfigurationIsVisible = 0;
			defaultConfigurationName = Release;
		};
/* End XCConfigurationList section */
	};
	rootObject = 999AF2CD2EACD9F80062A85A /* Project object */;
}
